// !$*UTF8*$!
{
	archiveVersion = 1;
	classes = {
	};
	objectVersion = 51;
	objects = {

/* Begin PBXBuildFile section */
		8A08FF292402C1AA002C8B4D /* StatisticsViewController.swift in Sources */ = {isa = PBXBuildFile; fileRef = 8A08FF282402C1AA002C8B4D /* StatisticsViewController.swift */; };
		8A08FF2B2404C547002C8B4D /* AddVideoTextViewController.swift in Sources */ = {isa = PBXBuildFile; fileRef = 8A08FF2A2404C547002C8B4D /* AddVideoTextViewController.swift */; };
		8A14679F240E67E8006193F3 /* StudentCoursesViewController.swift in Sources */ = {isa = PBXBuildFile; fileRef = 8A14679E240E67E8006193F3 /* StudentCoursesViewController.swift */; };
		8A38256424346A1100EB642E /* LICENSE.txt in Resources */ = {isa = PBXBuildFile; fileRef = 8A38255924346A1100EB642E /* LICENSE.txt */; };
		8A52551F2408B5BC004EB8E5 /* TestViewController.swift in Sources */ = {isa = PBXBuildFile; fileRef = 8A52551E2408B5BC004EB8E5 /* TestViewController.swift */; };
		8A5255212408DE14004EB8E5 /* ItemAnalysisTestViewController.swift in Sources */ = {isa = PBXBuildFile; fileRef = 8A5255202408DE14004EB8E5 /* ItemAnalysisTestViewController.swift */; };
		8A5255242408DE75004EB8E5 /* ItemTableViewCell.swift in Sources */ = {isa = PBXBuildFile; fileRef = 8A5255222408DE75004EB8E5 /* ItemTableViewCell.swift */; };
		8A5255252408DE75004EB8E5 /* ItemTableViewCell.xib in Resources */ = {isa = PBXBuildFile; fileRef = 8A5255232408DE75004EB8E5 /* ItemTableViewCell.xib */; };
		8A525527240A19D7004EB8E5 /* TeacherStatisticsViewController.swift in Sources */ = {isa = PBXBuildFile; fileRef = 8A525526240A19D7004EB8E5 /* TeacherStatisticsViewController.swift */; };
		8A525529240A2DE6004EB8E5 /* Course.swift in Sources */ = {isa = PBXBuildFile; fileRef = 8A525528240A2DE6004EB8E5 /* Course.swift */; };
		8A52552B240A35B7004EB8E5 /* Week.swift in Sources */ = {isa = PBXBuildFile; fileRef = 8A52552A240A35B7004EB8E5 /* Week.swift */; };
		8A713F8B23F440B400F95710 /* AppDelegate.swift in Sources */ = {isa = PBXBuildFile; fileRef = 8A713F8A23F440B400F95710 /* AppDelegate.swift */; };
		8A713F8D23F440B400F95710 /* SceneDelegate.swift in Sources */ = {isa = PBXBuildFile; fileRef = 8A713F8C23F440B400F95710 /* SceneDelegate.swift */; };
		8A713F8F23F440B400F95710 /* HomeViewController.swift in Sources */ = {isa = PBXBuildFile; fileRef = 8A713F8E23F440B400F95710 /* HomeViewController.swift */; };
		8A713F9223F440B400F95710 /* Main.storyboard in Resources */ = {isa = PBXBuildFile; fileRef = 8A713F9023F440B400F95710 /* Main.storyboard */; };
		8A713F9523F440B400F95710 /* Diploma.xcdatamodeld in Sources */ = {isa = PBXBuildFile; fileRef = 8A713F9323F440B400F95710 /* Diploma.xcdatamodeld */; };
		8A713F9723F440B600F95710 /* Assets.xcassets in Resources */ = {isa = PBXBuildFile; fileRef = 8A713F9623F440B600F95710 /* Assets.xcassets */; };
		8A713F9A23F440B600F95710 /* LaunchScreen.storyboard in Resources */ = {isa = PBXBuildFile; fileRef = 8A713F9823F440B600F95710 /* LaunchScreen.storyboard */; };
		8A713FA523F4421A00F95710 /* Constants.swift in Sources */ = {isa = PBXBuildFile; fileRef = 8A713FA423F4421A00F95710 /* Constants.swift */; };
		8A713FA723F44F8700F95710 /* TopicViewController.swift in Sources */ = {isa = PBXBuildFile; fileRef = 8A713FA623F44F8700F95710 /* TopicViewController.swift */; };
		8A713FA923F4506B00F95710 /* Topic.swift in Sources */ = {isa = PBXBuildFile; fileRef = 8A713FA823F4506B00F95710 /* Topic.swift */; };
		8A713FB723F587AF00F95710 /* TopicCell.swift in Sources */ = {isa = PBXBuildFile; fileRef = 8A713FB523F587AF00F95710 /* TopicCell.swift */; };
		8A713FB823F587AF00F95710 /* TopicCell.xib in Resources */ = {isa = PBXBuildFile; fileRef = 8A713FB623F587AF00F95710 /* TopicCell.xib */; };
		8A713FBA23F59AAF00F95710 /* TestsViewController.swift in Sources */ = {isa = PBXBuildFile; fileRef = 8A713FB923F59AAF00F95710 /* TestsViewController.swift */; };
		8A713FBC23F5A5A000F95710 /* QuestionViewController.swift in Sources */ = {isa = PBXBuildFile; fileRef = 8A713FBB23F5A5A000F95710 /* QuestionViewController.swift */; };
		8A798F7C242F613C0057BE07 /* StartingViewController.swift in Sources */ = {isa = PBXBuildFile; fileRef = 8A798F7B242F613C0057BE07 /* StartingViewController.swift */; };
		8A7C8A3C243370DC00C276C8 /* Pods_Diploma.framework in Frameworks */ = {isa = PBXBuildFile; fileRef = 42EB6A78A30984E62CE03012 /* Pods_Diploma.framework */; };
		8A7C8A6B243375EC00C276C8 /* GoogleService-Info.plist in Resources */ = {isa = PBXBuildFile; fileRef = 8AB9DC0524331C5400A4A54A /* GoogleService-Info.plist */; };
		8AB4D55323FD733400A9FAC4 /* AddCourseViewController.swift in Sources */ = {isa = PBXBuildFile; fileRef = 8AB4D55223FD733400A9FAC4 /* AddCourseViewController.swift */; };
		8AB4D55523FD804C00A9FAC4 /* WeeksViewController.swift in Sources */ = {isa = PBXBuildFile; fileRef = 8AB4D55423FD804C00A9FAC4 /* WeeksViewController.swift */; };
		8ADFFB9923FE2ABD00ADA7CF /* ExpandableTableViewCell.swift in Sources */ = {isa = PBXBuildFile; fileRef = 8ADFFB9723FE2ABD00ADA7CF /* ExpandableTableViewCell.swift */; };
		8ADFFB9A23FE2ABD00ADA7CF /* ExpandableTableViewCell.xib in Resources */ = {isa = PBXBuildFile; fileRef = 8ADFFB9823FE2ABD00ADA7CF /* ExpandableTableViewCell.xib */; };
		8ADFFB9C23FE312300ADA7CF /* AddContentViewController.swift in Sources */ = {isa = PBXBuildFile; fileRef = 8ADFFB9B23FE312300ADA7CF /* AddContentViewController.swift */; };
		8AEFE33A23FACFF700334D2C /* ScoreViewController.swift in Sources */ = {isa = PBXBuildFile; fileRef = 8AEFE33923FACFF700334D2C /* ScoreViewController.swift */; };
		8AF87DA5240B9BDD004D23E4 /* Question.swift in Sources */ = {isa = PBXBuildFile; fileRef = 8AF87DA4240B9BDD004D23E4 /* Question.swift */; };
/* End PBXBuildFile section */

/* Begin PBXFileReference section */
		0F18019E6B402651AA3409AA /* Pods-Diploma.debug.xcconfig */ = {isa = PBXFileReference; includeInIndex = 1; lastKnownFileType = text.xcconfig; name = "Pods-Diploma.debug.xcconfig"; path = "Target Support Files/Pods-Diploma/Pods-Diploma.debug.xcconfig"; sourceTree = "<group>"; };
		42EB6A78A30984E62CE03012 /* Pods_Diploma.framework */ = {isa = PBXFileReference; explicitFileType = wrapper.framework; includeInIndex = 0; path = Pods_Diploma.framework; sourceTree = BUILT_PRODUCTS_DIR; };
		8A08FF282402C1AA002C8B4D /* StatisticsViewController.swift */ = {isa = PBXFileReference; lastKnownFileType = sourcecode.swift; path = StatisticsViewController.swift; sourceTree = "<group>"; };
		8A08FF2A2404C547002C8B4D /* AddVideoTextViewController.swift */ = {isa = PBXFileReference; lastKnownFileType = sourcecode.swift; path = AddVideoTextViewController.swift; sourceTree = "<group>"; };
		8A14679E240E67E8006193F3 /* StudentCoursesViewController.swift */ = {isa = PBXFileReference; lastKnownFileType = sourcecode.swift; path = StudentCoursesViewController.swift; sourceTree = "<group>"; };
		8A38255124346A1100EB642E /* OpenSans-SemiBold.ttf */ = {isa = PBXFileReference; lastKnownFileType = file; path = "OpenSans-SemiBold.ttf"; sourceTree = "<group>"; };
		8A38255224346A1100EB642E /* OpenSans-Light.ttf */ = {isa = PBXFileReference; lastKnownFileType = file; path = "OpenSans-Light.ttf"; sourceTree = "<group>"; };
		8A38255324346A1100EB642E /* OpenSans-Italic.ttf */ = {isa = PBXFileReference; lastKnownFileType = file; path = "OpenSans-Italic.ttf"; sourceTree = "<group>"; };
		8A38255424346A1100EB642E /* OpenSans-ExtraBold.ttf */ = {isa = PBXFileReference; lastKnownFileType = file; path = "OpenSans-ExtraBold.ttf"; sourceTree = "<group>"; };
		8A38255524346A1100EB642E /* OpenSans-LightItalic.ttf */ = {isa = PBXFileReference; lastKnownFileType = file; path = "OpenSans-LightItalic.ttf"; sourceTree = "<group>"; };
		8A38255624346A1100EB642E /* OpenSans-Bold.ttf */ = {isa = PBXFileReference; lastKnownFileType = file; path = "OpenSans-Bold.ttf"; sourceTree = "<group>"; };
		8A38255724346A1100EB642E /* OpenSans-SemiBoldItalic.ttf */ = {isa = PBXFileReference; lastKnownFileType = file; path = "OpenSans-SemiBoldItalic.ttf"; sourceTree = "<group>"; };
		8A38255824346A1100EB642E /* OpenSans-ExtraBoldItalic.ttf */ = {isa = PBXFileReference; lastKnownFileType = file; path = "OpenSans-ExtraBoldItalic.ttf"; sourceTree = "<group>"; };
		8A38255924346A1100EB642E /* LICENSE.txt */ = {isa = PBXFileReference; fileEncoding = 4; lastKnownFileType = text; path = LICENSE.txt; sourceTree = "<group>"; };
		8A38255A24346A1100EB642E /* OpenSans-Regular.ttf */ = {isa = PBXFileReference; lastKnownFileType = file; path = "OpenSans-Regular.ttf"; sourceTree = "<group>"; };
		8A38255B24346A1100EB642E /* OpenSans-BoldItalic.ttf */ = {isa = PBXFileReference; lastKnownFileType = file; path = "OpenSans-BoldItalic.ttf"; sourceTree = "<group>"; };
		8A52551E2408B5BC004EB8E5 /* TestViewController.swift */ = {isa = PBXFileReference; lastKnownFileType = sourcecode.swift; path = TestViewController.swift; sourceTree = "<group>"; };
		8A5255202408DE14004EB8E5 /* ItemAnalysisTestViewController.swift */ = {isa = PBXFileReference; lastKnownFileType = sourcecode.swift; path = ItemAnalysisTestViewController.swift; sourceTree = "<group>"; };
		8A5255222408DE75004EB8E5 /* ItemTableViewCell.swift */ = {isa = PBXFileReference; lastKnownFileType = sourcecode.swift; path = ItemTableViewCell.swift; sourceTree = "<group>"; };
		8A5255232408DE75004EB8E5 /* ItemTableViewCell.xib */ = {isa = PBXFileReference; lastKnownFileType = file.xib; path = ItemTableViewCell.xib; sourceTree = "<group>"; };
		8A525526240A19D7004EB8E5 /* TeacherStatisticsViewController.swift */ = {isa = PBXFileReference; lastKnownFileType = sourcecode.swift; path = TeacherStatisticsViewController.swift; sourceTree = "<group>"; };
		8A525528240A2DE6004EB8E5 /* Course.swift */ = {isa = PBXFileReference; lastKnownFileType = sourcecode.swift; path = Course.swift; sourceTree = "<group>"; };
		8A52552A240A35B7004EB8E5 /* Week.swift */ = {isa = PBXFileReference; lastKnownFileType = sourcecode.swift; path = Week.swift; sourceTree = "<group>"; };
		8A713F8723F440B400F95710 /* Diploma.app */ = {isa = PBXFileReference; explicitFileType = wrapper.application; includeInIndex = 0; path = Diploma.app; sourceTree = BUILT_PRODUCTS_DIR; };
		8A713F8A23F440B400F95710 /* AppDelegate.swift */ = {isa = PBXFileReference; lastKnownFileType = sourcecode.swift; path = AppDelegate.swift; sourceTree = "<group>"; };
		8A713F8C23F440B400F95710 /* SceneDelegate.swift */ = {isa = PBXFileReference; lastKnownFileType = sourcecode.swift; path = SceneDelegate.swift; sourceTree = "<group>"; };
		8A713F8E23F440B400F95710 /* HomeViewController.swift */ = {isa = PBXFileReference; lastKnownFileType = sourcecode.swift; path = HomeViewController.swift; sourceTree = "<group>"; };
		8A713F9123F440B400F95710 /* Base */ = {isa = PBXFileReference; lastKnownFileType = file.storyboard; name = Base; path = Base.lproj/Main.storyboard; sourceTree = "<group>"; };
		8A713F9423F440B400F95710 /* Diploma.xcdatamodel */ = {isa = PBXFileReference; lastKnownFileType = wrapper.xcdatamodel; path = Diploma.xcdatamodel; sourceTree = "<group>"; };
		8A713F9623F440B600F95710 /* Assets.xcassets */ = {isa = PBXFileReference; lastKnownFileType = folder.assetcatalog; path = Assets.xcassets; sourceTree = "<group>"; };
		8A713F9923F440B600F95710 /* Base */ = {isa = PBXFileReference; lastKnownFileType = file.storyboard; name = Base; path = Base.lproj/LaunchScreen.storyboard; sourceTree = "<group>"; };
		8A713F9B23F440B600F95710 /* Info.plist */ = {isa = PBXFileReference; lastKnownFileType = text.plist.xml; path = Info.plist; sourceTree = "<group>"; };
		8A713FA423F4421A00F95710 /* Constants.swift */ = {isa = PBXFileReference; lastKnownFileType = sourcecode.swift; path = Constants.swift; sourceTree = "<group>"; };
		8A713FA623F44F8700F95710 /* TopicViewController.swift */ = {isa = PBXFileReference; lastKnownFileType = sourcecode.swift; path = TopicViewController.swift; sourceTree = "<group>"; };
		8A713FA823F4506B00F95710 /* Topic.swift */ = {isa = PBXFileReference; lastKnownFileType = sourcecode.swift; path = Topic.swift; sourceTree = "<group>"; };
		8A713FB523F587AF00F95710 /* TopicCell.swift */ = {isa = PBXFileReference; lastKnownFileType = sourcecode.swift; path = TopicCell.swift; sourceTree = "<group>"; };
		8A713FB623F587AF00F95710 /* TopicCell.xib */ = {isa = PBXFileReference; lastKnownFileType = file.xib; path = TopicCell.xib; sourceTree = "<group>"; };
		8A713FB923F59AAF00F95710 /* TestsViewController.swift */ = {isa = PBXFileReference; lastKnownFileType = sourcecode.swift; path = TestsViewController.swift; sourceTree = "<group>"; };
		8A713FBB23F5A5A000F95710 /* QuestionViewController.swift */ = {isa = PBXFileReference; lastKnownFileType = sourcecode.swift; path = QuestionViewController.swift; sourceTree = "<group>"; };
		8A798F7B242F613C0057BE07 /* StartingViewController.swift */ = {isa = PBXFileReference; lastKnownFileType = sourcecode.swift; path = StartingViewController.swift; sourceTree = "<group>"; };
		8A7C8A3124336F3400C276C8 /* ChameleonFramework.framework */ = {isa = PBXFileReference; explicitFileType = wrapper.framework; path = ChameleonFramework.framework; sourceTree = BUILT_PRODUCTS_DIR; };
		8A7C8A3524336F7B00C276C8 /* QuizKit.framework */ = {isa = PBXFileReference; explicitFileType = wrapper.framework; path = QuizKit.framework; sourceTree = BUILT_PRODUCTS_DIR; };
		8A7C8A3F2433712A00C276C8 /* Podfile.lock */ = {isa = PBXFileReference; lastKnownFileType = text; path = Podfile.lock; sourceTree = "<group>"; };
		8A7C8A402433714400C276C8 /* RealmSwift.framework */ = {isa = PBXFileReference; explicitFileType = wrapper.framework; path = RealmSwift.framework; sourceTree = BUILT_PRODUCTS_DIR; };
		8A7C8A442433714900C276C8 /* Realm.framework */ = {isa = PBXFileReference; explicitFileType = wrapper.framework; path = Realm.framework; sourceTree = BUILT_PRODUCTS_DIR; };
		8A7C8A472433715800C276C8 /* SwiftyJSON.framework */ = {isa = PBXFileReference; explicitFileType = wrapper.framework; path = SwiftyJSON.framework; sourceTree = BUILT_PRODUCTS_DIR; };
		8A7C8A4A2433715F00C276C8 /* ChameleonFramework.framework */ = {isa = PBXFileReference; explicitFileType = wrapper.framework; path = ChameleonFramework.framework; sourceTree = BUILT_PRODUCTS_DIR; };
		8A7C8A4D2433716300C276C8 /* Charts.framework */ = {isa = PBXFileReference; explicitFileType = wrapper.framework; path = Charts.framework; sourceTree = BUILT_PRODUCTS_DIR; };
		8AB4D55223FD733400A9FAC4 /* AddCourseViewController.swift */ = {isa = PBXFileReference; lastKnownFileType = sourcecode.swift; path = AddCourseViewController.swift; sourceTree = "<group>"; };
		8AB4D55423FD804C00A9FAC4 /* WeeksViewController.swift */ = {isa = PBXFileReference; lastKnownFileType = sourcecode.swift; path = WeeksViewController.swift; sourceTree = "<group>"; };
		8AB9DC0524331C5400A4A54A /* GoogleService-Info.plist */ = {isa = PBXFileReference; fileEncoding = 4; lastKnownFileType = text.plist.xml; path = "GoogleService-Info.plist"; sourceTree = "<group>"; };
		8ADFFB9723FE2ABD00ADA7CF /* ExpandableTableViewCell.swift */ = {isa = PBXFileReference; lastKnownFileType = sourcecode.swift; path = ExpandableTableViewCell.swift; sourceTree = "<group>"; };
		8ADFFB9823FE2ABD00ADA7CF /* ExpandableTableViewCell.xib */ = {isa = PBXFileReference; lastKnownFileType = file.xib; path = ExpandableTableViewCell.xib; sourceTree = "<group>"; };
		8ADFFB9B23FE312300ADA7CF /* AddContentViewController.swift */ = {isa = PBXFileReference; lastKnownFileType = sourcecode.swift; path = AddContentViewController.swift; sourceTree = "<group>"; };
		8AEFE33923FACFF700334D2C /* ScoreViewController.swift */ = {isa = PBXFileReference; lastKnownFileType = sourcecode.swift; path = ScoreViewController.swift; sourceTree = "<group>"; };
		8AF87DA4240B9BDD004D23E4 /* Question.swift */ = {isa = PBXFileReference; lastKnownFileType = sourcecode.swift; path = Question.swift; sourceTree = "<group>"; };
		A6805DBA62644FF5B6182042 /* Pods-Diploma.release.xcconfig */ = {isa = PBXFileReference; includeInIndex = 1; lastKnownFileType = text.xcconfig; name = "Pods-Diploma.release.xcconfig"; path = "Target Support Files/Pods-Diploma/Pods-Diploma.release.xcconfig"; sourceTree = "<group>"; };
/* End PBXFileReference section */

/* Begin PBXFrameworksBuildPhase section */
		8A713F8423F440B400F95710 /* Frameworks */ = {
			isa = PBXFrameworksBuildPhase;
			buildActionMask = 2147483647;
			files = (
				8A7C8A3C243370DC00C276C8 /* Pods_Diploma.framework in Frameworks */,
			);
			runOnlyForDeploymentPostprocessing = 0;
		};
/* End PBXFrameworksBuildPhase section */

/* Begin PBXGroup section */
		8A38255024346A1100EB642E /* Open_Sans */ = {
			isa = PBXGroup;
			children = (
				8A38255124346A1100EB642E /* OpenSans-SemiBold.ttf */,
				8A38255224346A1100EB642E /* OpenSans-Light.ttf */,
				8A38255324346A1100EB642E /* OpenSans-Italic.ttf */,
				8A38255424346A1100EB642E /* OpenSans-ExtraBold.ttf */,
				8A38255524346A1100EB642E /* OpenSans-LightItalic.ttf */,
				8A38255624346A1100EB642E /* OpenSans-Bold.ttf */,
				8A38255724346A1100EB642E /* OpenSans-SemiBoldItalic.ttf */,
				8A38255824346A1100EB642E /* OpenSans-ExtraBoldItalic.ttf */,
				8A38255924346A1100EB642E /* LICENSE.txt */,
				8A38255A24346A1100EB642E /* OpenSans-Regular.ttf */,
				8A38255B24346A1100EB642E /* OpenSans-BoldItalic.ttf */,
			);
			path = Open_Sans;
			sourceTree = "<group>";
		};
		8A713F7E23F440B400F95710 = {
			isa = PBXGroup;
			children = (
				8A713F8923F440B400F95710 /* Diploma */,
				8A713F8823F440B400F95710 /* Products */,
				9231E9C7F266A23F03B8EC1E /* Pods */,
				95AD64AA1437C76D8DF58BBA /* Frameworks */,
			);
			sourceTree = "<group>";
		};
		8A713F8823F440B400F95710 /* Products */ = {
			isa = PBXGroup;
			children = (
				8A713F8723F440B400F95710 /* Diploma.app */,
			);
			name = Products;
			sourceTree = "<group>";
		};
		8A713F8923F440B400F95710 /* Diploma */ = {
			isa = PBXGroup;
			children = (
				8A713F8A23F440B400F95710 /* AppDelegate.swift */,
				8A713F8C23F440B400F95710 /* SceneDelegate.swift */,
				8A798F7B242F613C0057BE07 /* StartingViewController.swift */,
				8A38255024346A1100EB642E /* Open_Sans */,
				8AB4D55123FD730100A9FAC4 /* Controllers_Teacher */,
				8A713FA323F441FF00F95710 /* Model */,
				8A713FA223F441EE00F95710 /* Controllers_Student */,
				8A713FA123F441E700F95710 /* View */,
				8A713F9623F440B600F95710 /* Assets.xcassets */,
				8A713F9823F440B600F95710 /* LaunchScreen.storyboard */,
				8A713F9B23F440B600F95710 /* Info.plist */,
				8AB9DC0524331C5400A4A54A /* GoogleService-Info.plist */,
				8A713F9323F440B400F95710 /* Diploma.xcdatamodeld */,
			);
			path = Diploma;
			sourceTree = "<group>";
		};
		8A713FA123F441E700F95710 /* View */ = {
			isa = PBXGroup;
			children = (
				8A713F9023F440B400F95710 /* Main.storyboard */,
				8ADFFB9723FE2ABD00ADA7CF /* ExpandableTableViewCell.swift */,
				8ADFFB9823FE2ABD00ADA7CF /* ExpandableTableViewCell.xib */,
				8A713FB523F587AF00F95710 /* TopicCell.swift */,
				8A713FB623F587AF00F95710 /* TopicCell.xib */,
				8A5255222408DE75004EB8E5 /* ItemTableViewCell.swift */,
				8A5255232408DE75004EB8E5 /* ItemTableViewCell.xib */,
			);
			path = View;
			sourceTree = "<group>";
		};
		8A713FA223F441EE00F95710 /* Controllers_Student */ = {
			isa = PBXGroup;
			children = (
				8A14679E240E67E8006193F3 /* StudentCoursesViewController.swift */,
				8A713F8E23F440B400F95710 /* HomeViewController.swift */,
				8A713FA623F44F8700F95710 /* TopicViewController.swift */,
				8A713FBB23F5A5A000F95710 /* QuestionViewController.swift */,
				8A713FB923F59AAF00F95710 /* TestsViewController.swift */,
				8AEFE33923FACFF700334D2C /* ScoreViewController.swift */,
			);
			path = Controllers_Student;
			sourceTree = "<group>";
		};
		8A713FA323F441FF00F95710 /* Model */ = {
			isa = PBXGroup;
			children = (
				8A525528240A2DE6004EB8E5 /* Course.swift */,
				8A52552A240A35B7004EB8E5 /* Week.swift */,
				8AF87DA4240B9BDD004D23E4 /* Question.swift */,
				8A713FA423F4421A00F95710 /* Constants.swift */,
				8A713FA823F4506B00F95710 /* Topic.swift */,
			);
			path = Model;
			sourceTree = "<group>";
		};
		8AB4D55123FD730100A9FAC4 /* Controllers_Teacher */ = {
			isa = PBXGroup;
			children = (
				8AB4D55223FD733400A9FAC4 /* AddCourseViewController.swift */,
				8AB4D55423FD804C00A9FAC4 /* WeeksViewController.swift */,
				8A08FF2A2404C547002C8B4D /* AddVideoTextViewController.swift */,
				8ADFFB9B23FE312300ADA7CF /* AddContentViewController.swift */,
				8A525526240A19D7004EB8E5 /* TeacherStatisticsViewController.swift */,
				8A52551E2408B5BC004EB8E5 /* TestViewController.swift */,
				8A08FF282402C1AA002C8B4D /* StatisticsViewController.swift */,
				8A5255202408DE14004EB8E5 /* ItemAnalysisTestViewController.swift */,
			);
			path = Controllers_Teacher;
			sourceTree = "<group>";
		};
		9231E9C7F266A23F03B8EC1E /* Pods */ = {
			isa = PBXGroup;
			children = (
				0F18019E6B402651AA3409AA /* Pods-Diploma.debug.xcconfig */,
				A6805DBA62644FF5B6182042 /* Pods-Diploma.release.xcconfig */,
			);
			path = Pods;
			sourceTree = "<group>";
		};
		95AD64AA1437C76D8DF58BBA /* Frameworks */ = {
			isa = PBXGroup;
			children = (
				8A7C8A4D2433716300C276C8 /* Charts.framework */,
				8A7C8A4A2433715F00C276C8 /* ChameleonFramework.framework */,
				8A7C8A472433715800C276C8 /* SwiftyJSON.framework */,
				8A7C8A442433714900C276C8 /* Realm.framework */,
				8A7C8A402433714400C276C8 /* RealmSwift.framework */,
				8A7C8A3F2433712A00C276C8 /* Podfile.lock */,
				8A7C8A3524336F7B00C276C8 /* QuizKit.framework */,
				8A7C8A3124336F3400C276C8 /* ChameleonFramework.framework */,
				42EB6A78A30984E62CE03012 /* Pods_Diploma.framework */,
			);
			name = Frameworks;
			sourceTree = "<group>";
		};
/* End PBXGroup section */

/* Begin PBXNativeTarget section */
		8A713F8623F440B400F95710 /* Diploma */ = {
			isa = PBXNativeTarget;
			buildConfigurationList = 8A713F9E23F440B600F95710 /* Build configuration list for PBXNativeTarget "Diploma" */;
			buildPhases = (
				CBB5106EB6866BE94656C63C /* [CP] Check Pods Manifest.lock */,
				8A713F8323F440B400F95710 /* Sources */,
				8A713F8423F440B400F95710 /* Frameworks */,
				8A713F8523F440B400F95710 /* Resources */,
				B175648FF8B50CE9C4A88DD7 /* [CP] Embed Pods Frameworks */,
			);
			buildRules = (
			);
			dependencies = (
			);
			name = Diploma;
			productName = Diploma;
			productReference = 8A713F8723F440B400F95710 /* Diploma.app */;
			productType = "com.apple.product-type.application";
		};
/* End PBXNativeTarget section */

/* Begin PBXProject section */
		8A713F7F23F440B400F95710 /* Project object */ = {
			isa = PBXProject;
			attributes = {
				LastSwiftUpdateCheck = 1130;
				LastUpgradeCheck = 1130;
				ORGANIZATIONNAME = "Shapagat Bolat";
				TargetAttributes = {
					8A713F8623F440B400F95710 = {
						CreatedOnToolsVersion = 11.3.1;
					};
				};
			};
			buildConfigurationList = 8A713F8223F440B400F95710 /* Build configuration list for PBXProject "Diploma" */;
			compatibilityVersion = "Xcode 9.3";
			developmentRegion = en;
			hasScannedForEncodings = 0;
			knownRegions = (
				en,
				Base,
			);
			mainGroup = 8A713F7E23F440B400F95710;
			productRefGroup = 8A713F8823F440B400F95710 /* Products */;
			projectDirPath = "";
			projectRoot = "";
			targets = (
				8A713F8623F440B400F95710 /* Diploma */,
			);
		};
/* End PBXProject section */

/* Begin PBXResourcesBuildPhase section */
		8A713F8523F440B400F95710 /* Resources */ = {
			isa = PBXResourcesBuildPhase;
			buildActionMask = 2147483647;
			files = (
				8A7C8A6B243375EC00C276C8 /* GoogleService-Info.plist in Resources */,
				8ADFFB9A23FE2ABD00ADA7CF /* ExpandableTableViewCell.xib in Resources */,
				8A5255252408DE75004EB8E5 /* ItemTableViewCell.xib in Resources */,
				8A713F9A23F440B600F95710 /* LaunchScreen.storyboard in Resources */,
				8A713F9723F440B600F95710 /* Assets.xcassets in Resources */,
				8A38256424346A1100EB642E /* LICENSE.txt in Resources */,
				8A713F9223F440B400F95710 /* Main.storyboard in Resources */,
				8A713FB823F587AF00F95710 /* TopicCell.xib in Resources */,
			);
			runOnlyForDeploymentPostprocessing = 0;
		};
/* End PBXResourcesBuildPhase section */

/* Begin PBXShellScriptBuildPhase section */
		B175648FF8B50CE9C4A88DD7 /* [CP] Embed Pods Frameworks */ = {
			isa = PBXShellScriptBuildPhase;
			buildActionMask = 2147483647;
			files = (
			);
			inputFileListPaths = (
				"${PODS_ROOT}/Target Support Files/Pods-Diploma/Pods-Diploma-frameworks-${CONFIGURATION}-input-files.xcfilelist",
			);
			inputPaths = (
				"${PODS_ROOT}/Target Support Files/Pods-Diploma/Pods-Diploma-frameworks.sh",
				"${BUILT_PRODUCTS_DIR}/BoringSSL-GRPC/openssl_grpc.framework",
				"${BUILT_PRODUCTS_DIR}/GTMSessionFetcher/GTMSessionFetcher.framework",
				"${BUILT_PRODUCTS_DIR}/GoogleUtilities/GoogleUtilities.framework",
				"${BUILT_PRODUCTS_DIR}/PromisesObjC/FBLPromises.framework",
				"${BUILT_PRODUCTS_DIR}/abseil/absl.framework",
				"${BUILT_PRODUCTS_DIR}/gRPC-C++/grpcpp.framework",
				"${BUILT_PRODUCTS_DIR}/gRPC-Core/grpc.framework",
				"${BUILT_PRODUCTS_DIR}/leveldb-library/leveldb.framework",
				"${BUILT_PRODUCTS_DIR}/nanopb/nanopb.framework",
			);
			name = "[CP] Embed Pods Frameworks";
			outputFileListPaths = (
				"${PODS_ROOT}/Target Support Files/Pods-Diploma/Pods-Diploma-frameworks-${CONFIGURATION}-output-files.xcfilelist",
			);
			outputPaths = (
				"${TARGET_BUILD_DIR}/${FRAMEWORKS_FOLDER_PATH}/openssl_grpc.framework",
				"${TARGET_BUILD_DIR}/${FRAMEWORKS_FOLDER_PATH}/GTMSessionFetcher.framework",
				"${TARGET_BUILD_DIR}/${FRAMEWORKS_FOLDER_PATH}/GoogleUtilities.framework",
				"${TARGET_BUILD_DIR}/${FRAMEWORKS_FOLDER_PATH}/FBLPromises.framework",
				"${TARGET_BUILD_DIR}/${FRAMEWORKS_FOLDER_PATH}/absl.framework",
				"${TARGET_BUILD_DIR}/${FRAMEWORKS_FOLDER_PATH}/grpcpp.framework",
				"${TARGET_BUILD_DIR}/${FRAMEWORKS_FOLDER_PATH}/grpc.framework",
				"${TARGET_BUILD_DIR}/${FRAMEWORKS_FOLDER_PATH}/leveldb.framework",
				"${TARGET_BUILD_DIR}/${FRAMEWORKS_FOLDER_PATH}/nanopb.framework",
			);
			runOnlyForDeploymentPostprocessing = 0;
			shellPath = /bin/sh;
			shellScript = "\"${PODS_ROOT}/Target Support Files/Pods-Diploma/Pods-Diploma-frameworks.sh\"\n";
			showEnvVarsInLog = 0;
		};
		CBB5106EB6866BE94656C63C /* [CP] Check Pods Manifest.lock */ = {
			isa = PBXShellScriptBuildPhase;
			buildActionMask = 2147483647;
			files = (
			);
			inputFileListPaths = (
			);
			inputPaths = (
				"${PODS_PODFILE_DIR_PATH}/Podfile.lock",
				"${PODS_ROOT}/Manifest.lock",
			);
			name = "[CP] Check Pods Manifest.lock";
			outputFileListPaths = (
			);
			outputPaths = (
				"$(DERIVED_FILE_DIR)/Pods-Diploma-checkManifestLockResult.txt",
			);
			runOnlyForDeploymentPostprocessing = 0;
			shellPath = /bin/sh;
			shellScript = "diff \"${PODS_PODFILE_DIR_PATH}/Podfile.lock\" \"${PODS_ROOT}/Manifest.lock\" > /dev/null\nif [ $? != 0 ] ; then\n    # print error to STDERR\n    echo \"error: The sandbox is not in sync with the Podfile.lock. Run 'pod install' or update your CocoaPods installation.\" >&2\n    exit 1\nfi\n# This output is used by Xcode 'outputs' to avoid re-running this script phase.\necho \"SUCCESS\" > \"${SCRIPT_OUTPUT_FILE_0}\"\n";
			showEnvVarsInLog = 0;
		};
/* End PBXShellScriptBuildPhase section */

/* Begin PBXSourcesBuildPhase section */
		8A713F8323F440B400F95710 /* Sources */ = {
			isa = PBXSourcesBuildPhase;
			buildActionMask = 2147483647;
			files = (
				8A713FA523F4421A00F95710 /* Constants.swift in Sources */,
				8AB4D55323FD733400A9FAC4 /* AddCourseViewController.swift in Sources */,
				8A52552B240A35B7004EB8E5 /* Week.swift in Sources */,
				8A713FBC23F5A5A000F95710 /* QuestionViewController.swift in Sources */,
				8A08FF292402C1AA002C8B4D /* StatisticsViewController.swift in Sources */,
				8A525527240A19D7004EB8E5 /* TeacherStatisticsViewController.swift in Sources */,
				8A713FBA23F59AAF00F95710 /* TestsViewController.swift in Sources */,
				8A713F8F23F440B400F95710 /* HomeViewController.swift in Sources */,
				8A798F7C242F613C0057BE07 /* StartingViewController.swift in Sources */,
				8A713FB723F587AF00F95710 /* TopicCell.swift in Sources */,
				8AF87DA5240B9BDD004D23E4 /* Question.swift in Sources */,
				8AEFE33A23FACFF700334D2C /* ScoreViewController.swift in Sources */,
				8A5255212408DE14004EB8E5 /* ItemAnalysisTestViewController.swift in Sources */,
				8AB4D55523FD804C00A9FAC4 /* WeeksViewController.swift in Sources */,
				8A08FF2B2404C547002C8B4D /* AddVideoTextViewController.swift in Sources */,
				8A525529240A2DE6004EB8E5 /* Course.swift in Sources */,
				8A713FA723F44F8700F95710 /* TopicViewController.swift in Sources */,
				8A5255242408DE75004EB8E5 /* ItemTableViewCell.swift in Sources */,
				8ADFFB9923FE2ABD00ADA7CF /* ExpandableTableViewCell.swift in Sources */,
				8A713F8B23F440B400F95710 /* AppDelegate.swift in Sources */,
				8A713F9523F440B400F95710 /* Diploma.xcdatamodeld in Sources */,
				8ADFFB9C23FE312300ADA7CF /* AddContentViewController.swift in Sources */,
				8A713F8D23F440B400F95710 /* SceneDelegate.swift in Sources */,
				8A14679F240E67E8006193F3 /* StudentCoursesViewController.swift in Sources */,
				8A52551F2408B5BC004EB8E5 /* TestViewController.swift in Sources */,
				8A713FA923F4506B00F95710 /* Topic.swift in Sources */,
			);
			runOnlyForDeploymentPostprocessing = 0;
		};
/* End PBXSourcesBuildPhase section */

/* Begin PBXVariantGroup section */
		8A713F9023F440B400F95710 /* Main.storyboard */ = {
			isa = PBXVariantGroup;
			children = (
				8A713F9123F440B400F95710 /* Base */,
			);
			name = Main.storyboard;
			sourceTree = "<group>";
		};
		8A713F9823F440B600F95710 /* LaunchScreen.storyboard */ = {
			isa = PBXVariantGroup;
			children = (
				8A713F9923F440B600F95710 /* Base */,
			);
			name = LaunchScreen.storyboard;
			sourceTree = "<group>";
		};
/* End PBXVariantGroup section */

/* Begin XCBuildConfiguration section */
		8A713F9C23F440B600F95710 /* Debug */ = {
			isa = XCBuildConfiguration;
			buildSettings = {
				ALWAYS_SEARCH_USER_PATHS = NO;
				CLANG_ANALYZER_NONNULL = YES;
				CLANG_ANALYZER_NUMBER_OBJECT_CONVERSION = YES_AGGRESSIVE;
				CLANG_CXX_LANGUAGE_STANDARD = "gnu++14";
				CLANG_CXX_LIBRARY = "libc++";
				CLANG_ENABLE_MODULES = YES;
				CLANG_ENABLE_OBJC_ARC = YES;
				CLANG_ENABLE_OBJC_WEAK = YES;
				CLANG_WARN_BLOCK_CAPTURE_AUTORELEASING = YES;
				CLANG_WARN_BOOL_CONVERSION = YES;
				CLANG_WARN_COMMA = YES;
				CLANG_WARN_CONSTANT_CONVERSION = YES;
				CLANG_WARN_DEPRECATED_OBJC_IMPLEMENTATIONS = YES;
				CLANG_WARN_DIRECT_OBJC_ISA_USAGE = YES_ERROR;
				CLANG_WARN_DOCUMENTATION_COMMENTS = YES;
				CLANG_WARN_EMPTY_BODY = YES;
				CLANG_WARN_ENUM_CONVERSION = YES;
				CLANG_WARN_INFINITE_RECURSION = YES;
				CLANG_WARN_INT_CONVERSION = YES;
				CLANG_WARN_NON_LITERAL_NULL_CONVERSION = YES;
				CLANG_WARN_OBJC_IMPLICIT_RETAIN_SELF = YES;
				CLANG_WARN_OBJC_LITERAL_CONVERSION = YES;
				CLANG_WARN_OBJC_ROOT_CLASS = YES_ERROR;
				CLANG_WARN_RANGE_LOOP_ANALYSIS = YES;
				CLANG_WARN_STRICT_PROTOTYPES = YES;
				CLANG_WARN_SUSPICIOUS_MOVE = YES;
				CLANG_WARN_UNGUARDED_AVAILABILITY = YES_AGGRESSIVE;
				CLANG_WARN_UNREACHABLE_CODE = YES;
				CLANG_WARN__DUPLICATE_METHOD_MATCH = YES;
				COPY_PHASE_STRIP = NO;
				DEBUG_INFORMATION_FORMAT = dwarf;
				ENABLE_STRICT_OBJC_MSGSEND = YES;
				ENABLE_TESTABILITY = YES;
				GCC_C_LANGUAGE_STANDARD = gnu11;
				GCC_DYNAMIC_NO_PIC = NO;
				GCC_NO_COMMON_BLOCKS = YES;
				GCC_OPTIMIZATION_LEVEL = 0;
				GCC_PREPROCESSOR_DEFINITIONS = (
					"DEBUG=1",
					"$(inherited)",
				);
				GCC_WARN_64_TO_32_BIT_CONVERSION = YES;
				GCC_WARN_ABOUT_RETURN_TYPE = YES_ERROR;
				GCC_WARN_UNDECLARED_SELECTOR = YES;
				GCC_WARN_UNINITIALIZED_AUTOS = YES_AGGRESSIVE;
				GCC_WARN_UNUSED_FUNCTION = YES;
				GCC_WARN_UNUSED_VARIABLE = YES;
				IPHONEOS_DEPLOYMENT_TARGET = 13.2;
				MTL_ENABLE_DEBUG_INFO = INCLUDE_SOURCE;
				MTL_FAST_MATH = YES;
				ONLY_ACTIVE_ARCH = YES;
				SDKROOT = iphoneos;
				SWIFT_ACTIVE_COMPILATION_CONDITIONS = DEBUG;
				SWIFT_OPTIMIZATION_LEVEL = "-Onone";
			};
			name = Debug;
		};
		8A713F9D23F440B600F95710 /* Release */ = {
			isa = XCBuildConfiguration;
			buildSettings = {
				ALWAYS_SEARCH_USER_PATHS = NO;
				CLANG_ANALYZER_NONNULL = YES;
				CLANG_ANALYZER_NUMBER_OBJECT_CONVERSION = YES_AGGRESSIVE;
				CLANG_CXX_LANGUAGE_STANDARD = "gnu++14";
				CLANG_CXX_LIBRARY = "libc++";
				CLANG_ENABLE_MODULES = YES;
				CLANG_ENABLE_OBJC_ARC = YES;
				CLANG_ENABLE_OBJC_WEAK = YES;
				CLANG_WARN_BLOCK_CAPTURE_AUTORELEASING = YES;
				CLANG_WARN_BOOL_CONVERSION = YES;
				CLANG_WARN_COMMA = YES;
				CLANG_WARN_CONSTANT_CONVERSION = YES;
				CLANG_WARN_DEPRECATED_OBJC_IMPLEMENTATIONS = YES;
				CLANG_WARN_DIRECT_OBJC_ISA_USAGE = YES_ERROR;
				CLANG_WARN_DOCUMENTATION_COMMENTS = YES;
				CLANG_WARN_EMPTY_BODY = YES;
				CLANG_WARN_ENUM_CONVERSION = YES;
				CLANG_WARN_INFINITE_RECURSION = YES;
				CLANG_WARN_INT_CONVERSION = YES;
				CLANG_WARN_NON_LITERAL_NULL_CONVERSION = YES;
				CLANG_WARN_OBJC_IMPLICIT_RETAIN_SELF = YES;
				CLANG_WARN_OBJC_LITERAL_CONVERSION = YES;
				CLANG_WARN_OBJC_ROOT_CLASS = YES_ERROR;
				CLANG_WARN_RANGE_LOOP_ANALYSIS = YES;
				CLANG_WARN_STRICT_PROTOTYPES = YES;
				CLANG_WARN_SUSPICIOUS_MOVE = YES;
				CLANG_WARN_UNGUARDED_AVAILABILITY = YES_AGGRESSIVE;
				CLANG_WARN_UNREACHABLE_CODE = YES;
				CLANG_WARN__DUPLICATE_METHOD_MATCH = YES;
				COPY_PHASE_STRIP = NO;
				DEBUG_INFORMATION_FORMAT = "dwarf-with-dsym";
				ENABLE_NS_ASSERTIONS = NO;
				ENABLE_STRICT_OBJC_MSGSEND = YES;
				GCC_C_LANGUAGE_STANDARD = gnu11;
				GCC_NO_COMMON_BLOCKS = YES;
				GCC_WARN_64_TO_32_BIT_CONVERSION = YES;
				GCC_WARN_ABOUT_RETURN_TYPE = YES_ERROR;
				GCC_WARN_UNDECLARED_SELECTOR = YES;
				GCC_WARN_UNINITIALIZED_AUTOS = YES_AGGRESSIVE;
				GCC_WARN_UNUSED_FUNCTION = YES;
				GCC_WARN_UNUSED_VARIABLE = YES;
				IPHONEOS_DEPLOYMENT_TARGET = 13.2;
				MTL_ENABLE_DEBUG_INFO = NO;
				MTL_FAST_MATH = YES;
				SDKROOT = iphoneos;
				SWIFT_COMPILATION_MODE = wholemodule;
				SWIFT_OPTIMIZATION_LEVEL = "-O";
				VALIDATE_PRODUCT = YES;
			};
			name = Release;
		};
		8A713F9F23F440B600F95710 /* Debug */ = {
			isa = XCBuildConfiguration;
			baseConfigurationReference = 0F18019E6B402651AA3409AA /* Pods-Diploma.debug.xcconfig */;
			buildSettings = {
				ASSETCATALOG_COMPILER_APPICON_NAME = AppIcon;
				CODE_SIGN_STYLE = Automatic;
				DEVELOPMENT_TEAM = CDPN2J8M7M;
				INFOPLIST_FILE = Diploma/Info.plist;
				LD_RUNPATH_SEARCH_PATHS = (
					"$(inherited)",
					"@executable_path/Frameworks",
				);
				PRODUCT_BUNDLE_IDENTIFIER = com.shapagatbolat.Diploma;
				PRODUCT_NAME = "$(TARGET_NAME)";
				SWIFT_VERSION = 5.0;
				TARGETED_DEVICE_FAMILY = "1,2";
			};
			name = Debug;
		};
		8A713FA023F440B600F95710 /* Release */ = {
			isa = XCBuildConfiguration;
			baseConfigurationReference = A6805DBA62644FF5B6182042 /* Pods-Diploma.release.xcconfig */;
			buildSettings = {
				ASSETCATALOG_COMPILER_APPICON_NAME = AppIcon;
				CODE_SIGN_STYLE = Automatic;
				DEVELOPMENT_TEAM = CDPN2J8M7M;
				INFOPLIST_FILE = Diploma/Info.plist;
				LD_RUNPATH_SEARCH_PATHS = (
					"$(inherited)",
					"@executable_path/Frameworks",
				);
				PRODUCT_BUNDLE_IDENTIFIER = com.shapagatbolat.Diploma;
				PRODUCT_NAME = "$(TARGET_NAME)";
				SWIFT_VERSION = 5.0;
				TARGETED_DEVICE_FAMILY = "1,2";
			};
			name = Release;
		};
/* End XCBuildConfiguration section */

/* Begin XCConfigurationList section */
		8A713F8223F440B400F95710 /* Build configuration list for PBXProject "Diploma" */ = {
			isa = XCConfigurationList;
			buildConfigurations = (
				8A713F9C23F440B600F95710 /* Debug */,
				8A713F9D23F440B600F95710 /* Release */,
			);
			defaultConfigurationIsVisible = 0;
			defaultConfigurationName = Release;
		};
		8A713F9E23F440B600F95710 /* Build configuration list for PBXNativeTarget "Diploma" */ = {
			isa = XCConfigurationList;
			buildConfigurations = (
				8A713F9F23F440B600F95710 /* Debug */,
				8A713FA023F440B600F95710 /* Release */,
			);
			defaultConfigurationIsVisible = 0;
			defaultConfigurationName = Release;
		};
/* End XCConfigurationList section */

/* Begin XCVersionGroup section */
		8A713F9323F440B400F95710 /* Diploma.xcdatamodeld */ = {
			isa = XCVersionGroup;
			children = (
				8A713F9423F440B400F95710 /* Diploma.xcdatamodel */,
			);
			currentVersion = 8A713F9423F440B400F95710 /* Diploma.xcdatamodel */;
			path = Diploma.xcdatamodeld;
			sourceTree = "<group>";
			versionGroupType = wrapper.xcdatamodel;
		};
/* End XCVersionGroup section */
	};
	rootObject = 8A713F7F23F440B400F95710 /* Project object */;
}
